
Microsoft Visual Studio Solution File, Format Version 12.00
# Visual Studio 15
VisualStudioVersion = 15.0.26124.0
MinimumVisualStudioVersion = 15.0.26124.0
Project("{2150E333-8FDC-42A3-9474-1A3956D46DE8}") = "src", "src", "{4AE0FF36-16B4-4E34-9313-BB54A615F74B}"
EndProject
Project("{FAE04EC0-301F-11D3-BF4B-00C04F79EFBC}") = "DbSchemaToPoco.Mssql.Cli", "src\DbSchemaToPoco.Mssql.Cli\DbSchemaToPoco.Mssql.Cli.csproj", "{60EEF3A8-DC4A-489A-9509-9638AA17EE1E}"
EndProject
Global
	GlobalSection(SolutionConfigurationPlatforms) = preSolution
		Debug|Any CPU = Debug|Any CPU
		Debug|x64 = Debug|x64
		Debug|x86 = Debug|x86
		Release|Any CPU = Release|Any CPU
		Release|x64 = Release|x64
		Release|x86 = Release|x86
	EndGlobalSection
	GlobalSection(SolutionProperties) = preSolution
		HideSolutionNode = FALSE
	EndGlobalSection
	GlobalSection(NestedProjects) = preSolution
		{60EEF3A8-DC4A-489A-9509-9638AA17EE1E} = {4AE0FF36-16B4-4E34-9313-BB54A615F74B}
	EndGlobalSection
	GlobalSection(ProjectConfigurationPlatforms) = postSolution
		{60EEF3A8-DC4A-489A-9509-9638AA17EE1E}.Debug|Any CPU.ActiveCfg = Debug|Any CPU
		{60EEF3A8-DC4A-489A-9509-9638AA17EE1E}.Debug|Any CPU.Build.0 = Debug|Any CPU
		{60EEF3A8-DC4A-489A-9509-9638AA17EE1E}.Debug|x64.ActiveCfg = Debug|Any CPU
		{60EEF3A8-DC4A-489A-9509-9638AA17EE1E}.Debug|x64.Build.0 = Debug|Any CPU
		{60EEF3A8-DC4A-489A-9509-9638AA17EE1E}.Debug|x86.ActiveCfg = Debug|Any CPU
		{60EEF3A8-DC4A-489A-9509-9638AA17EE1E}.Debug|x86.Build.0 = Debug|Any CPU
		{60EEF3A8-DC4A-489A-9509-9638AA17EE1E}.Release|Any CPU.ActiveCfg = Release|Any CPU
		{60EEF3A8-DC4A-489A-9509-9638AA17EE1E}.Release|Any CPU.Build.0 = Release|Any CPU
		{60EEF3A8-DC4A-489A-9509-9638AA17EE1E}.Release|x64.ActiveCfg = Release|Any CPU
		{60EEF3A8-DC4A-489A-9509-9638AA17EE1E}.Release|x64.Build.0 = Release|Any CPU
		{60EEF3A8-DC4A-489A-9509-9638AA17EE1E}.Release|x86.ActiveCfg = Release|Any CPU
		{60EEF3A8-DC4A-489A-9509-9638AA17EE1E}.Release|x86.Build.0 = Release|Any CPU
	EndGlobalSection
EndGlobal
